PODS:
  - Alamofire (4.8.0)
  - Kingfisher (5.1.0)
  - UIEmptyState (4.0.1)

DEPENDENCIES:
  - Alamofire (~> 4.7)
  - Kingfisher (~> 5.0)
  - UIEmptyState

SPEC REPOS:
  https://github.com/cocoapods/specs.git:
    - Alamofire
    - Kingfisher
    - UIEmptyState

SPEC CHECKSUMS:
  Alamofire: 3ec537f71edc9804815215393ae2b1a8ea33a844
  Kingfisher: fcec238063d17404fca89bf0a850583211c4cbf6
  UIEmptyState: 767376694d9402452fb3c0a5a5283176c6a53c92

PODFILE CHECKSUM: 3d8ac8aa8906ab19f5617486bee5d8f4c2debccf

COCOAPODS: 1.5.2
